
Microsoft Visual Studio Solution File, Format Version 12.00
# Visual Studio 15
VisualStudioVersion = 15.0.28307.779
MinimumVisualStudioVersion = 10.0.40219.1
Project("{8BC9CEB8-8B4A-11D0-8D11-00A0C91BC942}") = "CppAndLua", "CppAndLua.vcxproj", "{455A4B53-9772-4E34-92E7-A4B485E7736C}"
EndProject
Global
	GlobalSection(SolutionConfigurationPlatforms) = preSolution
		Debug|x64 = Debug|x64
		Debug|x86 = Debug|x86
		Release|x64 = Release|x64
		Release|x86 = Release|x86
	EndGlobalSection
	GlobalSection(ProjectConfigurationPlatforms) = postSolution
		{455A4B53-9772-4E34-92E7-A4B485E7736C}.Debug|x64.ActiveCfg = Debug|x64
		{455A4B53-9772-4E34-92E7-A4B485E7736C}.Debug|x64.Build.0 = Debug|x64
		{455A4B53-9772-4E34-92E7-A4B485E7736C}.Debug|x86.ActiveCfg = Debug|Win32
		{455A4B53-9772-4E34-92E7-A4B485E7736C}.Debug|x86.Build.0 = Debug|Win32
		{455A4B53-9772-4E34-92E7-A4B485E7736C}.Release|x64.ActiveCfg = Release|x64
		{455A4B53-9772-4E34-92E7-A4B485E7736C}.Release|x64.Build.0 = Release|x64
		{455A4B53-9772-4E34-92E7-A4B485E7736C}.Release|x86.ActiveCfg = Release|Win32
		{455A4B53-9772-4E34-92E7-A4B485E7736C}.Release|x86.Build.0 = Release|Win32
	EndGlobalSection
	GlobalSection(SolutionProperties) = preSolution
		HideSolutionNode = FALSE
	EndGlobalSection
	GlobalSection(ExtensibilityGlobals) = postSolution
		SolutionGuid = {5572320E-8F97-4385-92EB-4A3673A43635}
	EndGlobalSection
EndGlobal
